
Microsoft Visual Studio Solution File, Format Version 12.00
# Visual Studio 15
VisualStudioVersion = 15.0.27130.2036
MinimumVisualStudioVersion = 10.0.40219.1
Project("{9A19103F-16F7-4668-BE54-9A1E7A4F7556}") = "BL", "BLL\BL.csproj", "{DDA67CD3-EB3C-42CF-A538-EEACBDBB4849}"
EndProject
Project("{FAE04EC0-301F-11D3-BF4B-00C04F79EFBC}") = "DAL", "DataLL\DAL.csproj", "{2D651D87-8CC9-44BE-9CF2-098CBF978BD5}"
EndProject
Project("{FAE04EC0-301F-11D3-BF4B-00C04F79EFBC}") = "Console", "PL\PL\PL\Console.csproj", "{45C9946F-57D0-45EC-AF9A-C0A5E5B91834}"
EndProject
Project("{FAE04EC0-301F-11D3-BF4B-00C04F79EFBC}") = "Bank", "Bank\Bank.csproj", "{DED0DB3D-3CC6-4132-8FF7-3C1AFAB01F8C}"
EndProject
Global
	GlobalSection(SolutionConfigurationPlatforms) = preSolution
		Debug|Any CPU = Debug|Any CPU
		Release|Any CPU = Release|Any CPU
	EndGlobalSection
	GlobalSection(ProjectConfigurationPlatforms) = postSolution
		{DDA67CD3-EB3C-42CF-A538-EEACBDBB4849}.Debug|Any CPU.ActiveCfg = Debug|Any CPU
		{DDA67CD3-EB3C-42CF-A538-EEACBDBB4849}.Debug|Any CPU.Build.0 = Debug|Any CPU
		{DDA67CD3-EB3C-42CF-A538-EEACBDBB4849}.Release|Any CPU.ActiveCfg = Release|Any CPU
		{DDA67CD3-EB3C-42CF-A538-EEACBDBB4849}.Release|Any CPU.Build.0 = Release|Any CPU
		{2D651D87-8CC9-44BE-9CF2-098CBF978BD5}.Debug|Any CPU.ActiveCfg = Debug|Any CPU
		{2D651D87-8CC9-44BE-9CF2-098CBF978BD5}.Debug|Any CPU.Build.0 = Debug|Any CPU
		{2D651D87-8CC9-44BE-9CF2-098CBF978BD5}.Release|Any CPU.ActiveCfg = Release|Any CPU
		{2D651D87-8CC9-44BE-9CF2-098CBF978BD5}.Release|Any CPU.Build.0 = Release|Any CPU
		{45C9946F-57D0-45EC-AF9A-C0A5E5B91834}.Debug|Any CPU.ActiveCfg = Debug|Any CPU
		{45C9946F-57D0-45EC-AF9A-C0A5E5B91834}.Debug|Any CPU.Build.0 = Debug|Any CPU
		{45C9946F-57D0-45EC-AF9A-C0A5E5B91834}.Release|Any CPU.ActiveCfg = Release|Any CPU
		{45C9946F-57D0-45EC-AF9A-C0A5E5B91834}.Release|Any CPU.Build.0 = Release|Any CPU
		{DED0DB3D-3CC6-4132-8FF7-3C1AFAB01F8C}.Debug|Any CPU.ActiveCfg = Debug|Any CPU
		{DED0DB3D-3CC6-4132-8FF7-3C1AFAB01F8C}.Debug|Any CPU.Build.0 = Debug|Any CPU
		{DED0DB3D-3CC6-4132-8FF7-3C1AFAB01F8C}.Release|Any CPU.ActiveCfg = Release|Any CPU
		{DED0DB3D-3CC6-4132-8FF7-3C1AFAB01F8C}.Release|Any CPU.Build.0 = Release|Any CPU
	EndGlobalSection
	GlobalSection(SolutionProperties) = preSolution
		HideSolutionNode = FALSE
	EndGlobalSection
	GlobalSection(ExtensibilityGlobals) = postSolution
		SolutionGuid = {1E9A30C7-8E25-45C9-BC44-82314172E27F}
	EndGlobalSection
EndGlobal
